{
    "_meta": {
        "hash": {
            "sha256": "ffc88029840edf0e803e2fafb468d320ec10ce30923166d8ed05450e39c3bc5f"
        },
        "pipfile-spec": 6,
        "requires": {
            "python_version": "3.13"
        },
        "sources": [
            {
                "name": "pypi",
                "url": "https://pypi.org/simple",
                "verify_ssl": true
            }
        ]
    },
    "default": {
        "asgiref": {
            "hashes": [
                "sha256:5f184dc43b7e763efe848065441eac62229c9f7b0475f41f80e207a114eda4ce",
                "sha256:e8667a091e69529631969fd45dc268fa79b99c92c5fcdda727757e52146ec133"
            ],
            "markers": "python_version >= '3.9'",
            "version": "==3.11.1"
        },
        "dj-database-url": {
            "hashes": [
                "sha256:ae52e8e634186b57e5a45e445da5dc407a819c2ceed8a53d1fac004cc5288787",
                "sha256:bb0d414ba0ac5cd62773ec7f86f8cc378a9dbb00a80884c2fc08cc570452521e"
            ],
            "index": "pypi",
            "version": "==2.3.0"
        },
        "django": {
            "hashes": [
                "sha256:236e023f021f5ce7dee5779de7b286565fdea5f4ab86bae5338e3f7b69896cf0",
                "sha256:de450c09e91879fa5a307f696e57c851955c910a438a35e6b4c895e86bedc82a"
            ],
            "index": "pypi",
            "markers": "python_version >= '3.10'",
            "version": "==5.1.4"
        },
        "gunicorn": {
            "hashes": [
                "sha256:cacea387dab08cd6776501621c295a904fe8e3b7aae9a1a3cbb26f4e7ed54660",
                "sha256:f74e1b2f9f76f6cd1ca01198968bd2dd65830edc24b6e8e4d78de8320e2fe889"
            ],
            "index": "pypi",
            "markers": "python_version >= '3.10'",
            "version": "==25.3.0"
        },
        "packaging": {
            "hashes": [
                "sha256:5fc45236b9446107ff2415ce77c807cee2862cb6fac22b8a73826d0693b0980e",
                "sha256:ff452ff5a3e828ce110190feff1178bb1f2ea2281fa2075aadb987c2fb221661"
            ],
            "markers": "python_version >= '3.8'",
            "version": "==26.2"
        },
        "psycopg": {
            "extras": [
                "binary"
            ],
            "hashes": [
                "sha256:644d3973fe26908c73d4be746074f6e5224b03c1101d302d9a53bf565ad64907",
                "sha256:a5764f67c27bec8bfac85764d23c534af2c27b893550377e37ce59c12aac47a2"
            ],
            "markers": "python_version >= '3.8'",
            "version": "==3.2.3"
        },
        "psycopg-binary": {
            "hashes": [
                "sha256:0463a11b1cace5a6aeffaf167920707b912b8986a9c7920341c75e3686277920",
                "sha256:05a1bdce30356e70a05428928717765f4a9229999421013f41338d9680d03a63",
                "sha256:06b5cc915e57621eebf2393f4173793ed7e3387295f07fed93ed3fb6a6ccf585",
                "sha256:07d019a786eb020c0f984691aa1b994cb79430061065a694cf6f94056c603d26",
                "sha256:09baa041856b35598d335b1a74e19a49da8500acedf78164600694c0ba8ce21b",
                "sha256:1303bf8347d6be7ad26d1362af2c38b3a90b8293e8d56244296488ee8591058e",
                "sha256:192a5f8496e6e1243fdd9ac20e117e667c0712f148c5f9343483b84435854c78",
                "sha256:1985ab05e9abebfbdf3163a16ebb37fbc5d49aff2bf5b3d7375ff0920bbb54cd",
                "sha256:1f8b0d0e99d8e19923e6e07379fa00570be5182c201a8c0b5aaa9a4d4a4ea20b",
                "sha256:257c4aea6f70a9aef39b2a77d0658a41bf05c243e2bf41895eb02220ac6306f3",
                "sha256:261f0031ee6074765096a19b27ed0f75498a8338c3dcd7f4f0d831e38adf12d1",
                "sha256:2773f850a778575dd7158a6dd072f7925b67f3ba305e2003538e8831fec77a1d",
                "sha256:2a29f5294b0b6360bfda69653697eff70aaf2908f58d1073b0acd6f6ab5b5a4f",
                "sha256:2bb342a01c76f38a12432848e6013c57eb630103e7556cf79b705b53814c3949",
                "sha256:2c0419cdad8c70eaeb3116bb28e7b42d546f91baf5179d7556f230d40942dc78",
                "sha256:3bffb61e198a91f712cc3d7f2d176a697cb05b284b2ad150fb8edb308eba9002",
                "sha256:41fdec0182efac66b27478ac15ef54c9ebcecf0e26ed467eb7d6f262a913318b",
                "sha256:48f8ca6ee8939bab760225b2ab82934d54330eec10afe4394a92d3f2a0c37dd6",
                "sha256:4926ea5c46da30bec4a85907aa3f7e4ea6313145b2aa9469fdb861798daf1502",
                "sha256:4c57615791a337378fe5381143259a6c432cdcbb1d3e6428bfb7ce59fff3fb5c",
                "sha256:4e76ce2475ed4885fe13b8254058be710ec0de74ebd8ef8224cf44a9a3358e5f",
                "sha256:5361ea13c241d4f0ec3f95e0bf976c15e2e451e9cc7ef2e5ccfc9d170b197a40",
                "sha256:5905729668ef1418bd36fbe876322dcb0f90b46811bba96d505af89e6fbdce2f",
                "sha256:5938b257b04c851c2d1e6cb2f8c18318f06017f35be9a5fe761ee1e2e344dfb7",
                "sha256:5e37d5027e297a627da3551a1e962316d0f88ee4ada74c768f6c9234e26346d9",
                "sha256:64a607e630d9f4b2797f641884e52b9f8e239d35943f51bef817a384ec1678fe",
                "sha256:64dc6e9ec64f592f19dc01a784e87267a64a743d34f68488924251253da3c818",
                "sha256:69320f05de8cdf4077ecd7fefdec223890eea232af0d58f2530cbda2871244a0",
                "sha256:6d8f2144e0d5808c2e2aed40fbebe13869cd00c2ae745aca4b3b16a435edb056",
                "sha256:700679c02f9348a0d0a2adcd33a0275717cd0d0aee9d4482b47d935023629505",
                "sha256:709447bd7203b0b2debab1acec23123eb80b386f6c29e7604a5d4326a11e5bd6",
                "sha256:71adcc8bc80a65b776510bc39992edf942ace35b153ed7a9c6c573a6849ce308",
                "sha256:71db8896b942770ed7ab4efa59b22eee5203be2dfdee3c5258d60e57605d688c",
                "sha256:74fbf5dd3ef09beafd3557631e282f00f8af4e7a78fbfce8ab06d9cd5a789aae",
                "sha256:79498df398970abcee3d326edd1d4655de7d77aa9aecd578154f8af35ce7bbd2",
                "sha256:7ad357e426b0ea5c3043b8ec905546fa44b734bf11d33b3da3959f6e4447d350",
                "sha256:7d784f614e4d53050cbe8abf2ae9d1aaacf8ed31ce57b42ce3bf2a48a66c3a5c",
                "sha256:80a2337e2dfb26950894c8301358961430a0304f7bfe729d34cc036474e9c9b1",
                "sha256:824c867a38521d61d62b60aca7db7ca013a2b479e428a0db47d25d8ca5067410",
                "sha256:842da42a63ecb32612bb7f5b9e9f8617eab9bc23bd58679a441f4150fcc51c96",
                "sha256:8b7be9a6c06518967b641fb15032b1ed682fd3b0443f64078899c61034a0bca6",
                "sha256:9099e443d4cc24ac6872e6a05f93205ba1a231b1a8917317b07c9ef2b955f1f4",
                "sha256:94253be2b57ef2fea7ffe08996067aabf56a1eb9648342c9e3bad9e10c46e045",
                "sha256:949551752930d5e478817e0b49956350d866b26578ced0042a61967e3fcccdea",
                "sha256:96334bb64d054e36fed346c50c4190bad9d7c586376204f50bede21a913bf942",
                "sha256:965455eac8547f32b3181d5ec9ad8b9be500c10fe06193543efaaebe3e4ce70c",
                "sha256:967b47a0fd237aa17c2748fdb7425015c394a6fb57cdad1562e46a6eb070f96d",
                "sha256:9994f7db390c17fc2bd4c09dca722fd792ff8a49bb3bdace0c50a83f22f1767d",
                "sha256:9b60b465773a52c7d4705b0a751f7f1cdccf81dd12aee3b921b31a6e76b07b0e",
                "sha256:aeddf7b3b3f6e24ccf7d0edfe2d94094ea76b40e831c16eff5230e040ce3b76b",
                "sha256:c64c4cd0d50d5b2288ab1bcb26c7126c772bbdebdfadcd77225a77df01c4a57e",
                "sha256:cb987f14af7da7c24f803111dbc7392f5070fd350146af3345103f76ea82e339",
                "sha256:dc4fa2240c9fceddaa815a58f29212826fafe43ce80ff666d38c4a03fb036955",
                "sha256:e56b1fd529e5dde2d1452a7d72907b37ed1b4f07fdced5d8fb1e963acfff6749",
                "sha256:e8630943143c6d6ca9aefc88bbe5e76c90553f4e1a3b2dc339e67dc34aa86f7e",
                "sha256:e8eb9a4e394926b93ad919cad1b0a918e9b4c846609e8c1cfb6b743683f64da0",
                "sha256:e90352d7b610b4693fad0feea48549d4315d10f1eba5605421c92bb834e90170",
                "sha256:f0b018e37608c3bfc6039a1dc4eb461e89334465a19916be0153c757a78ea426",
                "sha256:f73adc05452fb85e7a12ed3f69c81540a8875960739082e6ea5e28c373a30774",
                "sha256:fa33ead69ed133210d96af0c63448b1385df48b9c0247eda735c5896b9e6dbbf",
                "sha256:fc6d87a1c44df8d493ef44988a3ded751e284e02cdf785f746c2d357e99782a6",
                "sha256:fd40af959173ea0d087b6b232b855cfeaa6738f47cb2a0fd10a7f4fa8b74293f",
                "sha256:fd65774ed7d65101b314808b6893e1a75b7664f680c3ef18d2e5c84d570fa393",
                "sha256:fda0162b0dbfa5eaed6cdc708179fa27e148cb8490c7d62e5cf30713909658ea"
            ],
            "markers": "python_version >= '3.8'",
            "version": "==3.2.3"
        },
        "python-dotenv": {
            "hashes": [
                "sha256:e324ee90a023d808f1959c46bcbc04446a10ced277783dc6ee09987c37ec10ca",
                "sha256:f7b63ef50f1b690dddf550d03497b66d609393b40b564ed0d674909a68ebf16a"
            ],
            "index": "pypi",
            "markers": "python_version >= '3.8'",
            "version": "==1.0.1"
        },
        "sqlparse": {
            "hashes": [
                "sha256:12a08b3bf3eec877c519589833aed092e2444e68240a3577e8e26148acc7b1ba",
                "sha256:e20d4a9b0b8585fdf63b10d30066c7c94c5d7a7ec47c889a2d83a3caa93ff28e"
            ],
            "markers": "python_version >= '3.8'",
            "version": "==0.5.5"
        },
        "typing-extensions": {
            "hashes": [
                "sha256:0cea48d173cc12fa28ecabc3b837ea3cf6f38c6d1136f85cbaaf598984861466",
                "sha256:f0fa19c6845758ab08074a0cfa8b7aecb71c999ca73d62883bc25cc018c4e548"
            ],
            "markers": "python_version >= '3.9'",
            "version": "==4.15.0"
        },
        "whitenoise": {
            "hashes": [
                "sha256:f723ebb76a112e98816ff80fcea0a6c9b8ecde835f8ddda25df7a30a3c2db6ad",
                "sha256:fc5e8c572e33ebf24795b47b6a7da8da3c00cff2349f5b04c02f28d0cc5a3cc2"
            ],
            "index": "pypi",
            "markers": "python_version >= '3.10'",
            "version": "==6.12.0"
        }
    },
    "develop": {}
}
